// !$*UTF8*$!
{
	archiveVersion = 1;
	classes = {
	};
	objectVersion = 77;
	objects = {

/* Begin PBXBuildFile section */
		B0978A502D549885001FBE47 /* SnapKit in Frameworks */ = {isa = PBXBuildFile; productRef = B0978A4F2D549885001FBE47 /* SnapKit */; };
		B0978A652D55F14F001FBE47 /* MJRefresh in Frameworks */ = {isa = PBXBuildFile; productRef = B0978A642D55F14F001FBE47 /* MJRefresh */; };
		B0978A672D55F153001FBE47 /* Kingfisher in Frameworks */ = {isa = PBXBuildFile; productRef = B0978A662D55F153001FBE47 /* Kingfisher */; };
/* End PBXBuildFile section */

/* Begin PBXContainerItemProxy section */
		B09789AC2D51EA46001FBE47 /* PBXContainerItemProxy */ = {
			isa = PBXContainerItemProxy;
			containerPortal = B097898D2D51EA44001FBE47 /* Project object */;
			proxyType = 1;
			remoteGlobalIDString = B09789942D51EA44001FBE47;
			remoteInfo = TravelTaipei;
		};
		B09789B62D51EA46001FBE47 /* PBXContainerItemProxy */ = {
			isa = PBXContainerItemProxy;
			containerPortal = B097898D2D51EA44001FBE47 /* Project object */;
			proxyType = 1;
			remoteGlobalIDString = B09789942D51EA44001FBE47;
			remoteInfo = TravelTaipei;
		};
/* End PBXContainerItemProxy section */

/* Begin PBXFileReference section */
		B09789952D51EA44001FBE47 /* TravelTaipei.app */ = {isa = PBXFileReference; explicitFileType = wrapper.application; includeInIndex = 0; path = TravelTaipei.app; sourceTree = BUILT_PRODUCTS_DIR; };
		B09789AB2D51EA46001FBE47 /* TravelTaipeiTests.xctest */ = {isa = PBXFileReference; explicitFileType = wrapper.cfbundle; includeInIndex = 0; path = TravelTaipeiTests.xctest; sourceTree = BUILT_PRODUCTS_DIR; };
		B09789B52D51EA46001FBE47 /* TravelTaipeiUITests.xctest */ = {isa = PBXFileReference; explicitFileType = wrapper.cfbundle; includeInIndex = 0; path = TravelTaipeiUITests.xctest; sourceTree = BUILT_PRODUCTS_DIR; };
/* End PBXFileReference section */

/* Begin PBXFileSystemSynchronizedBuildFileExceptionSet section */
		B09789BD2D51EA46001FBE47 /* Exceptions for "TravelTaipei" folder in "TravelTaipei" target */ = {
			isa = PBXFileSystemSynchronizedBuildFileExceptionSet;
			membershipExceptions = (
				Info.plist,
			);
			target = B09789942D51EA44001FBE47 /* TravelTaipei */;
		};
/* End PBXFileSystemSynchronizedBuildFileExceptionSet section */

/* Begin PBXFileSystemSynchronizedRootGroup section */
		B09789972D51EA44001FBE47 /* TravelTaipei */ = {
			isa = PBXFileSystemSynchronizedRootGroup;
			exceptions = (
				B09789BD2D51EA46001FBE47 /* Exceptions for "TravelTaipei" folder in "TravelTaipei" target */,
			);
			path = TravelTaipei;
			sourceTree = "<group>";
		};
		B09789AE2D51EA46001FBE47 /* TravelTaipeiTests */ = {
			isa = PBXFileSystemSynchronizedRootGroup;
			path = TravelTaipeiTests;
			sourceTree = "<group>";
		};
		B09789B82D51EA46001FBE47 /* TravelTaipeiUITests */ = {
			isa = PBXFileSystemSynchronizedRootGroup;
			path = TravelTaipeiUITests;
			sourceTree = "<group>";
		};
/* End PBXFileSystemSynchronizedRootGroup section */

/* Begin PBXFrameworksBuildPhase section */
		B09789922D51EA44001FBE47 /* Frameworks */ = {
			isa = PBXFrameworksBuildPhase;
			buildActionMask = 2147483647;
			files = (
				B0978A672D55F153001FBE47 /* Kingfisher in Frameworks */,
				B0978A502D549885001FBE47 /* SnapKit in Frameworks */,
				B0978A652D55F14F001FBE47 /* MJRefresh in Frameworks */,
			);
			runOnlyForDeploymentPostprocessing = 0;
		};
		B09789A82D51EA46001FBE47 /* Frameworks */ = {
			isa = PBXFrameworksBuildPhase;
			buildActionMask = 2147483647;
			files = (
			);
			runOnlyForDeploymentPostprocessing = 0;
		};
		B09789B22D51EA46001FBE47 /* Frameworks */ = {
			isa = PBXFrameworksBuildPhase;
			buildActionMask = 2147483647;
			files = (
			);
			runOnlyForDeploymentPostprocessing = 0;
		};
/* End PBXFrameworksBuildPhase section */

/* Begin PBXGroup section */
		B097898C2D51EA44001FBE47 = {
			isa = PBXGroup;
			children = (
				B09789972D51EA44001FBE47 /* TravelTaipei */,
				B09789AE2D51EA46001FBE47 /* TravelTaipeiTests */,
				B09789B82D51EA46001FBE47 /* TravelTaipeiUITests */,
				B0978A4E2D549885001FBE47 /* Frameworks */,
				B09789962D51EA44001FBE47 /* Products */,
			);
			sourceTree = "<group>";
		};
		B09789962D51EA44001FBE47 /* Products */ = {
			isa = PBXGroup;
			children = (
				B09789952D51EA44001FBE47 /* TravelTaipei.app */,
				B09789AB2D51EA46001FBE47 /* TravelTaipeiTests.xctest */,
				B09789B52D51EA46001FBE47 /* TravelTaipeiUITests.xctest */,
			);
			name = Products;
			sourceTree = "<group>";
		};
		B0978A4E2D549885001FBE47 /* Frameworks */ = {
			isa = PBXGroup;
			children = (
			);
			name = Frameworks;
			sourceTree = "<group>";
		};
/* End PBXGroup section */

/* Begin PBXNativeTarget section */
		B09789942D51EA44001FBE47 /* TravelTaipei */ = {
			isa = PBXNativeTarget;
			buildConfigurationList = B09789BE2D51EA46001FBE47 /* Build configuration list for PBXNativeTarget "TravelTaipei" */;
			buildPhases = (
				B09789912D51EA44001FBE47 /* Sources */,
				B09789922D51EA44001FBE47 /* Frameworks */,
				B09789932D51EA44001FBE47 /* Resources */,
			);
			buildRules = (
			);
			dependencies = (
			);
			fileSystemSynchronizedGroups = (
				B09789972D51EA44001FBE47 /* TravelTaipei */,
			);
			name = TravelTaipei;
			packageProductDependencies = (
				B0978A4F2D549885001FBE47 /* SnapKit */,
				B0978A642D55F14F001FBE47 /* MJRefresh */,
				B0978A662D55F153001FBE47 /* Kingfisher */,
			);
			productName = TravelTaipei;
			productReference = B09789952D51EA44001FBE47 /* TravelTaipei.app */;
			productType = "com.apple.product-type.application";
		};
		B09789AA2D51EA46001FBE47 /* TravelTaipeiTests */ = {
			isa = PBXNativeTarget;
			buildConfigurationList = B09789C32D51EA46001FBE47 /* Build configuration list for PBXNativeTarget "TravelTaipeiTests" */;
			buildPhases = (
				B09789A72D51EA46001FBE47 /* Sources */,
				B09789A82D51EA46001FBE47 /* Frameworks */,
				B09789A92D51EA46001FBE47 /* Resources */,
			);
			buildRules = (
			);
			dependencies = (
				B09789AD2D51EA46001FBE47 /* PBXTargetDependency */,
			);
			fileSystemSynchronizedGroups = (
				B09789AE2D51EA46001FBE47 /* TravelTaipeiTests */,
			);
			name = TravelTaipeiTests;
			packageProductDependencies = (
			);
			productName = TravelTaipeiTests;
			productReference = B09789AB2D51EA46001FBE47 /* TravelTaipeiTests.xctest */;
			productType = "com.apple.product-type.bundle.unit-test";
		};
		B09789B42D51EA46001FBE47 /* TravelTaipeiUITests */ = {
			isa = PBXNativeTarget;
			buildConfigurationList = B09789C62D51EA46001FBE47 /* Build configuration list for PBXNativeTarget "TravelTaipeiUITests" */;
			buildPhases = (
				B09789B12D51EA46001FBE47 /* Sources */,
				B09789B22D51EA46001FBE47 /* Frameworks */,
				B09789B32D51EA46001FBE47 /* Resources */,
			);
			buildRules = (
			);
			dependencies = (
				B09789B72D51EA46001FBE47 /* PBXTargetDependency */,
			);
			fileSystemSynchronizedGroups = (
				B09789B82D51EA46001FBE47 /* TravelTaipeiUITests */,
			);
			name = TravelTaipeiUITests;
			packageProductDependencies = (
			);
			productName = TravelTaipeiUITests;
			productReference = B09789B52D51EA46001FBE47 /* TravelTaipeiUITests.xctest */;
			productType = "com.apple.product-type.bundle.ui-testing";
		};
/* End PBXNativeTarget section */

/* Begin PBXProject section */
		B097898D2D51EA44001FBE47 /* Project object */ = {
			isa = PBXProject;
			attributes = {
				BuildIndependentTargetsInParallel = 1;
				LastSwiftUpdateCheck = 1620;
				LastUpgradeCheck = 1620;
				TargetAttributes = {
					B09789942D51EA44001FBE47 = {
						CreatedOnToolsVersion = 16.2;
					};
					B09789AA2D51EA46001FBE47 = {
						CreatedOnToolsVersion = 16.2;
						TestTargetID = B09789942D51EA44001FBE47;
					};
					B09789B42D51EA46001FBE47 = {
						CreatedOnToolsVersion = 16.2;
						TestTargetID = B09789942D51EA44001FBE47;
					};
				};
			};
			buildConfigurationList = B09789902D51EA44001FBE47 /* Build configuration list for PBXProject "TravelTaipei" */;
			developmentRegion = en;
			hasScannedForEncodings = 0;
			knownRegions = (
				en,
				Base,
			);
			mainGroup = B097898C2D51EA44001FBE47;
			minimizedProjectReferenceProxies = 1;
			packageReferences = (
				B09789C92D51F2BF001FBE47 /* XCRemoteSwiftPackageReference "SnapKit" */,
				B09789CA2D51F306001FBE47 /* XCRemoteSwiftPackageReference "Alamofire" */,
				B0978A622D55F130001FBE47 /* XCRemoteSwiftPackageReference "MJRefresh" */,
				B0978A632D55F13C001FBE47 /* XCRemoteSwiftPackageReference "Kingfisher" */,
			);
			preferredProjectObjectVersion = 77;
			productRefGroup = B09789962D51EA44001FBE47 /* Products */;
			projectDirPath = "";
			projectRoot = "";
			targets = (
				B09789942D51EA44001FBE47 /* TravelTaipei */,
				B09789AA2D51EA46001FBE47 /* TravelTaipeiTests */,
				B09789B42D51EA46001FBE47 /* TravelTaipeiUITests */,
			);
		};
/* End PBXProject section */

/* Begin PBXResourcesBuildPhase section */
		B09789932D51EA44001FBE47 /* Resources */ = {
			isa = PBXResourcesBuildPhase;
			buildActionMask = 2147483647;
			files = (
			);
			runOnlyForDeploymentPostprocessing = 0;
		};
		B09789A92D51EA46001FBE47 /* Resources */ = {
			isa = PBXResourcesBuildPhase;
			buildActionMask = 2147483647;
			files = (
			);
			runOnlyForDeploymentPostprocessing = 0;
		};
		B09789B32D51EA46001FBE47 /* Resources */ = {
			isa = PBXResourcesBuildPhase;
			buildActionMask = 2147483647;
			files = (
			);
			runOnlyForDeploymentPostprocessing = 0;
		};
/* End PBXResourcesBuildPhase section */

/* Begin PBXSourcesBuildPhase section */
		B09789912D51EA44001FBE47 /* Sources */ = {
			isa = PBXSourcesBuildPhase;
			buildActionMask = 2147483647;
			files = (
			);
			runOnlyForDeploymentPostprocessing = 0;
		};
		B09789A72D51EA46001FBE47 /* Sources */ = {
			isa = PBXSourcesBuildPhase;
			buildActionMask = 2147483647;
			files = (
			);
			runOnlyForDeploymentPostprocessing = 0;
		};
		B09789B12D51EA46001FBE47 /* Sources */ = {
			isa = PBXSourcesBuildPhase;
			buildActionMask = 2147483647;
			files = (
			);
			runOnlyForDeploymentPostprocessing = 0;
		};
/* End PBXSourcesBuildPhase section */

/* Begin PBXTargetDependency section */
		B09789AD2D51EA46001FBE47 /* PBXTargetDependency */ = {
			isa = PBXTargetDependency;
			target = B09789942D51EA44001FBE47 /* TravelTaipei */;
			targetProxy = B09789AC2D51EA46001FBE47 /* PBXContainerItemProxy */;
		};
		B09789B72D51EA46001FBE47 /* PBXTargetDependency */ = {
			isa = PBXTargetDependency;
			target = B09789942D51EA44001FBE47 /* TravelTaipei */;
			targetProxy = B09789B62D51EA46001FBE47 /* PBXContainerItemProxy */;
		};
/* End PBXTargetDependency section */

/* Begin XCBuildConfiguration section */
		B09789BF2D51EA46001FBE47 /* Debug */ = {
			isa = XCBuildConfiguration;
			buildSettings = {
				ASSETCATALOG_COMPILER_APPICON_NAME = AppIcon;
				ASSETCATALOG_COMPILER_GLOBAL_ACCENT_COLOR_NAME = AccentColor;
				CODE_SIGN_STYLE = Automatic;
				CURRENT_PROJECT_VERSION = 1;
				GENERATE_INFOPLIST_FILE = YES;
				INFOPLIST_FILE = TravelTaipei/Info.plist;
				INFOPLIST_KEY_UIApplicationSupportsIndirectInputEvents = YES;
				INFOPLIST_KEY_UILaunchStoryboardName = LaunchScreen;
				INFOPLIST_KEY_UISupportedInterfaceOrientations_iPad = "UIInterfaceOrientationPortrait UIInterfaceOrientationPortraitUpsideDown UIInterfaceOrientationLandscapeLeft UIInterfaceOrientationLandscapeRight";
				INFOPLIST_KEY_UISupportedInterfaceOrientations_iPhone = "UIInterfaceOrientationPortrait UIInterfaceOrientationLandscapeLeft UIInterfaceOrientationLandscapeRight";
				IPHONEOS_DEPLOYMENT_TARGET = 16.6;
				LD_RUNPATH_SEARCH_PATHS = (
					"$(inherited)",
					"@executable_path/Frameworks",
				);
				MARKETING_VERSION = 1.0;
				PRODUCT_BUNDLE_IDENTIFIER = com.steven.TravelTaipei;
				PRODUCT_NAME = "$(TARGET_NAME)";
				SWIFT_EMIT_LOC_STRINGS = YES;
				SWIFT_VERSION = 5.0;
				TARGETED_DEVICE_FAMILY = "1,2";
			};
			name = Debug;
		};
		B09789C02D51EA46001FBE47 /* Release */ = {
			isa = XCBuildConfiguration;
			buildSettings = {
				ASSETCATALOG_COMPILER_APPICON_NAME = AppIcon;
				ASSETCATALOG_COMPILER_GLOBAL_ACCENT_COLOR_NAME = AccentColor;
				CODE_SIGN_STYLE = Automatic;
				CURRENT_PROJECT_VERSION = 1;
				GENERATE_INFOPLIST_FILE = YES;
				INFOPLIST_FILE = TravelTaipei/Info.plist;
				INFOPLIST_KEY_UIApplicationSupportsIndirectInputEvents = YES;
				INFOPLIST_KEY_UILaunchStoryboardName = LaunchScreen;
				INFOPLIST_KEY_UISupportedInterfaceOrientations_iPad = "UIInterfaceOrientationPortrait UIInterfaceOrientationPortraitUpsideDown UIInterfaceOrientationLandscapeLeft UIInterfaceOrientationLandscapeRight";
				INFOPLIST_KEY_UISupportedInterfaceOrientations_iPhone = "UIInterfaceOrientationPortrait UIInterfaceOrientationLandscapeLeft UIInterfaceOrientationLandscapeRight";
				IPHONEOS_DEPLOYMENT_TARGET = 16.6;
				LD_RUNPATH_SEARCH_PATHS = (
					"$(inherited)",
					"@executable_path/Frameworks",
				);
				MARKETING_VERSION = 1.0;
				PRODUCT_BUNDLE_IDENTIFIER = com.steven.TravelTaipei;
				PRODUCT_NAME = "$(TARGET_NAME)";
				SWIFT_EMIT_LOC_STRINGS = YES;
				SWIFT_VERSION = 5.0;
				TARGETED_DEVICE_FAMILY = "1,2";
			};
			name = Release;
		};
		B09789C12D51EA46001FBE47 /* Debug */ = {
			isa = XCBuildConfiguration;
			buildSettings = {
				ALWAYS_SEARCH_USER_PATHS = NO;
				ASSETCATALOG_COMPILER_GENERATE_SWIFT_ASSET_SYMBOL_EXTENSIONS = YES;
				CLANG_ANALYZER_NONNULL = YES;
				CLANG_ANALYZER_NUMBER_OBJECT_CONVERSION = YES_AGGRESSIVE;
				CLANG_CXX_LANGUAGE_STANDARD = "gnu++20";
				CLANG_ENABLE_MODULES = YES;
				CLANG_ENABLE_OBJC_ARC = YES;
				CLANG_ENABLE_OBJC_WEAK = YES;
				CLANG_WARN_BLOCK_CAPTURE_AUTORELEASING = YES;
				CLANG_WARN_BOOL_CONVERSION = YES;
				CLANG_WARN_COMMA = YES;
				CLANG_WARN_CONSTANT_CONVERSION = YES;
				CLANG_WARN_DEPRECATED_OBJC_IMPLEMENTATIONS = YES;
				CLANG_WARN_DIRECT_OBJC_ISA_USAGE = YES_ERROR;
				CLANG_WARN_DOCUMENTATION_COMMENTS = YES;
				CLANG_WARN_EMPTY_BODY = YES;
				CLANG_WARN_ENUM_CONVERSION = YES;
				CLANG_WARN_INFINITE_RECURSION = YES;
				CLANG_WARN_INT_CONVERSION = YES;
				CLANG_WARN_NON_LITERAL_NULL_CONVERSION = YES;
				CLANG_WARN_OBJC_IMPLICIT_RETAIN_SELF = YES;
				CLANG_WARN_OBJC_LITERAL_CONVERSION = YES;
				CLANG_WARN_OBJC_ROOT_CLASS = YES_ERROR;
				CLANG_WARN_QUOTED_INCLUDE_IN_FRAMEWORK_HEADER = YES;
				CLANG_WARN_RANGE_LOOP_ANALYSIS = YES;
				CLANG_WARN_STRICT_PROTOTYPES = YES;
				CLANG_WARN_SUSPICIOUS_MOVE = YES;
				CLANG_WARN_UNGUARDED_AVAILABILITY = YES_AGGRESSIVE;
				CLANG_WARN_UNREACHABLE_CODE = YES;
				CLANG_WARN__DUPLICATE_METHOD_MATCH = YES;
				COPY_PHASE_STRIP = NO;
				DEBUG_INFORMATION_FORMAT = dwarf;
				ENABLE_STRICT_OBJC_MSGSEND = YES;
				ENABLE_TESTABILITY = YES;
				ENABLE_USER_SCRIPT_SANDBOXING = YES;
				GCC_C_LANGUAGE_STANDARD = gnu17;
				GCC_DYNAMIC_NO_PIC = NO;
				GCC_NO_COMMON_BLOCKS = YES;
				GCC_OPTIMIZATION_LEVEL = 0;
				GCC_PREPROCESSOR_DEFINITIONS = (
					"DEBUG=1",
					"$(inherited)",
				);
				GCC_WARN_64_TO_32_BIT_CONVERSION = YES;
				GCC_WARN_ABOUT_RETURN_TYPE = YES_ERROR;
				GCC_WARN_UNDECLARED_SELECTOR = YES;
				GCC_WARN_UNINITIALIZED_AUTOS = YES_AGGRESSIVE;
				GCC_WARN_UNUSED_FUNCTION = YES;
				GCC_WARN_UNUSED_VARIABLE = YES;
				IPHONEOS_DEPLOYMENT_TARGET = 18.2;
				LOCALIZATION_PREFERS_STRING_CATALOGS = YES;
				MTL_ENABLE_DEBUG_INFO = INCLUDE_SOURCE;
				MTL_FAST_MATH = YES;
				ONLY_ACTIVE_ARCH = YES;
				SDKROOT = iphoneos;
				SWIFT_ACTIVE_COMPILATION_CONDITIONS = "DEBUG $(inherited)";
				SWIFT_OPTIMIZATION_LEVEL = "-Onone";
			};
			name = Debug;
		};
		B09789C22D51EA46001FBE47 /* Release */ = {
			isa = XCBuildConfiguration;
			buildSettings = {
				ALWAYS_SEARCH_USER_PATHS = NO;
				ASSETCATALOG_COMPILER_GENERATE_SWIFT_ASSET_SYMBOL_EXTENSIONS = YES;
				CLANG_ANALYZER_NONNULL = YES;
				CLANG_ANALYZER_NUMBER_OBJECT_CONVERSION = YES_AGGRESSIVE;
				CLANG_CXX_LANGUAGE_STANDARD = "gnu++20";
				CLANG_ENABLE_MODULES = YES;
				CLANG_ENABLE_OBJC_ARC = YES;
				CLANG_ENABLE_OBJC_WEAK = YES;
				CLANG_WARN_BLOCK_CAPTURE_AUTORELEASING = YES;
				CLANG_WARN_BOOL_CONVERSION = YES;
				CLANG_WARN_COMMA = YES;
				CLANG_WARN_CONSTANT_CONVERSION = YES;
				CLANG_WARN_DEPRECATED_OBJC_IMPLEMENTATIONS = YES;
				CLANG_WARN_DIRECT_OBJC_ISA_USAGE = YES_ERROR;
				CLANG_WARN_DOCUMENTATION_COMMENTS = YES;
				CLANG_WARN_EMPTY_BODY = YES;
				CLANG_WARN_ENUM_CONVERSION = YES;
				CLANG_WARN_INFINITE_RECURSION = YES;
				CLANG_WARN_INT_CONVERSION = YES;
				CLANG_WARN_NON_LITERAL_NULL_CONVERSION = YES;
				CLANG_WARN_OBJC_IMPLICIT_RETAIN_SELF = YES;
				CLANG_WARN_OBJC_LITERAL_CONVERSION = YES;
				CLANG_WARN_OBJC_ROOT_CLASS = YES_ERROR;
				CLANG_WARN_QUOTED_INCLUDE_IN_FRAMEWORK_HEADER = YES;
				CLANG_WARN_RANGE_LOOP_ANALYSIS = YES;
				CLANG_WARN_STRICT_PROTOTYPES = YES;
				CLANG_WARN_SUSPICIOUS_MOVE = YES;
				CLANG_WARN_UNGUARDED_AVAILABILITY = YES_AGGRESSIVE;
				CLANG_WARN_UNREACHABLE_CODE = YES;
				CLANG_WARN__DUPLICATE_METHOD_MATCH = YES;
				COPY_PHASE_STRIP = NO;
				DEBUG_INFORMATION_FORMAT = "dwarf-with-dsym";
				ENABLE_NS_ASSERTIONS = NO;
				ENABLE_STRICT_OBJC_MSGSEND = YES;
				ENABLE_USER_SCRIPT_SANDBOXING = YES;
				GCC_C_LANGUAGE_STANDARD = gnu17;
				GCC_NO_COMMON_BLOCKS = YES;
				GCC_WARN_64_TO_32_BIT_CONVERSION = YES;
				GCC_WARN_ABOUT_RETURN_TYPE = YES_ERROR;
				GCC_WARN_UNDECLARED_SELECTOR = YES;
				GCC_WARN_UNINITIALIZED_AUTOS = YES_AGGRESSIVE;
				GCC_WARN_UNUSED_FUNCTION = YES;
				GCC_WARN_UNUSED_VARIABLE = YES;
				IPHONEOS_DEPLOYMENT_TARGET = 18.2;
				LOCALIZATION_PREFERS_STRING_CATALOGS = YES;
				MTL_ENABLE_DEBUG_INFO = NO;
				MTL_FAST_MATH = YES;
				SDKROOT = iphoneos;
				SWIFT_COMPILATION_MODE = wholemodule;
				VALIDATE_PRODUCT = YES;
			};
			name = Release;
		};
		B09789C42D51EA46001FBE47 /* Debug */ = {
			isa = XCBuildConfiguration;
			buildSettings = {
				BUNDLE_LOADER = "$(TEST_HOST)";
				CODE_SIGN_STYLE = Automatic;
				CURRENT_PROJECT_VERSION = 1;
				GENERATE_INFOPLIST_FILE = YES;
				IPHONEOS_DEPLOYMENT_TARGET = 18.2;
				MARKETING_VERSION = 1.0;
				PRODUCT_BUNDLE_IDENTIFIER = com.steven.TravelTaipeiTests;
				PRODUCT_NAME = "$(TARGET_NAME)";
				SWIFT_EMIT_LOC_STRINGS = NO;
				SWIFT_VERSION = 5.0;
				TARGETED_DEVICE_FAMILY = "1,2";
				TEST_HOST = "$(BUILT_PRODUCTS_DIR)/TravelTaipei.app/$(BUNDLE_EXECUTABLE_FOLDER_PATH)/TravelTaipei";
			};
			name = Debug;
		};
		B09789C52D51EA46001FBE47 /* Release */ = {
			isa = XCBuildConfiguration;
			buildSettings = {
				BUNDLE_LOADER = "$(TEST_HOST)";
				CODE_SIGN_STYLE = Automatic;
				CURRENT_PROJECT_VERSION = 1;
				GENERATE_INFOPLIST_FILE = YES;
				IPHONEOS_DEPLOYMENT_TARGET = 18.2;
				MARKETING_VERSION = 1.0;
				PRODUCT_BUNDLE_IDENTIFIER = com.steven.TravelTaipeiTests;
				PRODUCT_NAME = "$(TARGET_NAME)";
				SWIFT_EMIT_LOC_STRINGS = NO;
				SWIFT_VERSION = 5.0;
				TARGETED_DEVICE_FAMILY = "1,2";
				TEST_HOST = "$(BUILT_PRODUCTS_DIR)/TravelTaipei.app/$(BUNDLE_EXECUTABLE_FOLDER_PATH)/TravelTaipei";
			};
			name = Release;
		};
		B09789C72D51EA46001FBE47 /* Debug */ = {
			isa = XCBuildConfiguration;
			buildSettings = {
				CODE_SIGN_STYLE = Automatic;
				CURRENT_PROJECT_VERSION = 1;
				GENERATE_INFOPLIST_FILE = YES;
				MARKETING_VERSION = 1.0;
				PRODUCT_BUNDLE_IDENTIFIER = com.steven.TravelTaipeiUITests;
				PRODUCT_NAME = "$(TARGET_NAME)";
				SWIFT_EMIT_LOC_STRINGS = NO;
				SWIFT_VERSION = 5.0;
				TARGETED_DEVICE_FAMILY = "1,2";
				TEST_TARGET_NAME = TravelTaipei;
			};
			name = Debug;
		};
		B09789C82D51EA46001FBE47 /* Release */ = {
			isa = XCBuildConfiguration;
			buildSettings = {
				CODE_SIGN_STYLE = Automatic;
				CURRENT_PROJECT_VERSION = 1;
				GENERATE_INFOPLIST_FILE = YES;
				MARKETING_VERSION = 1.0;
				PRODUCT_BUNDLE_IDENTIFIER = com.steven.TravelTaipeiUITests;
				PRODUCT_NAME = "$(TARGET_NAME)";
				SWIFT_EMIT_LOC_STRINGS = NO;
				SWIFT_VERSION = 5.0;
				TARGETED_DEVICE_FAMILY = "1,2";
				TEST_TARGET_NAME = TravelTaipei;
			};
			name = Release;
		};
/* End XCBuildConfiguration section */

/* Begin XCConfigurationList section */
		B09789902D51EA44001FBE47 /* Build configuration list for PBXProject "TravelTaipei" */ = {
			isa = XCConfigurationList;
			buildConfigurations = (
				B09789C12D51EA46001FBE47 /* Debug */,
				B09789C22D51EA46001FBE47 /* Release */,
			);
			defaultConfigurationIsVisible = 0;
			defaultConfigurationName = Release;
		};
		B09789BE2D51EA46001FBE47 /* Build configuration list for PBXNativeTarget "TravelTaipei" */ = {
			isa = XCConfigurationList;
			buildConfigurations = (
				B09789BF2D51EA46001FBE47 /* Debug */,
				B09789C02D51EA46001FBE47 /* Release */,
			);
			defaultConfigurationIsVisible = 0;
			defaultConfigurationName = Release;
		};
		B09789C32D51EA46001FBE47 /* Build configuration list for PBXNativeTarget "TravelTaipeiTests" */ = {
			isa = XCConfigurationList;
			buildConfigurations = (
				B09789C42D51EA46001FBE47 /* Debug */,
				B09789C52D51EA46001FBE47 /* Release */,
			);
			defaultConfigurationIsVisible = 0;
			defaultConfigurationName = Release;
		};
		B09789C62D51EA46001FBE47 /* Build configuration list for PBXNativeTarget "TravelTaipeiUITests" */ = {
			isa = XCConfigurationList;
			buildConfigurations = (
				B09789C72D51EA46001FBE47 /* Debug */,
				B09789C82D51EA46001FBE47 /* Release */,
			);
			defaultConfigurationIsVisible = 0;
			defaultConfigurationName = Release;
		};
/* End XCConfigurationList section */

/* Begin XCRemoteSwiftPackageReference section */
		B09789C92D51F2BF001FBE47 /* XCRemoteSwiftPackageReference "SnapKit" */ = {
			isa = XCRemoteSwiftPackageReference;
			repositoryURL = "https://github.com/SnapKit/SnapKit.git";
			requirement = {
				kind = upToNextMajorVersion;
				minimumVersion = 5.7.1;
			};
		};
		B09789CA2D51F306001FBE47 /* XCRemoteSwiftPackageReference "Alamofire" */ = {
			isa = XCRemoteSwiftPackageReference;
			repositoryURL = "https://github.com/Alamofire/Alamofire.git";
			requirement = {
				kind = upToNextMajorVersion;
				minimumVersion = 5.10.2;
			};
		};
		B0978A622D55F130001FBE47 /* XCRemoteSwiftPackageReference "MJRefresh" */ = {
			isa = XCRemoteSwiftPackageReference;
			repositoryURL = "https://github.com/CoderMJLee/MJRefresh";
			requirement = {
				kind = upToNextMajorVersion;
				minimumVersion = 3.7.9;
			};
		};
		B0978A632D55F13C001FBE47 /* XCRemoteSwiftPackageReference "Kingfisher" */ = {
			isa = XCRemoteSwiftPackageReference;
			repositoryURL = "https://github.com/onevcat/Kingfisher";
			requirement = {
				kind = upToNextMajorVersion;
				minimumVersion = 8.2.0;
			};
		};
/* End XCRemoteSwiftPackageReference section */

/* Begin XCSwiftPackageProductDependency section */
		B0978A4F2D549885001FBE47 /* SnapKit */ = {
			isa = XCSwiftPackageProductDependency;
			package = B09789C92D51F2BF001FBE47 /* XCRemoteSwiftPackageReference "SnapKit" */;
			productName = SnapKit;
		};
		B0978A642D55F14F001FBE47 /* MJRefresh */ = {
			isa = XCSwiftPackageProductDependency;
			package = B0978A622D55F130001FBE47 /* XCRemoteSwiftPackageReference "MJRefresh" */;
			productName = MJRefresh;
		};
		B0978A662D55F153001FBE47 /* Kingfisher */ = {
			isa = XCSwiftPackageProductDependency;
			package = B0978A632D55F13C001FBE47 /* XCRemoteSwiftPackageReference "Kingfisher" */;
			productName = Kingfisher;
		};
/* End XCSwiftPackageProductDependency section */
	};
	rootObject = B097898D2D51EA44001FBE47 /* Project object */;
}
